
Microsoft Visual Studio Solution File, Format Version 12.00
# Visual Studio Version 16
VisualStudioVersion = 16.0.31112.23
MinimumVisualStudioVersion = 10.0.40219.1
Project("{FAE04EC0-301F-11D3-BF4B-00C04F79EFBC}") = "repository_pattern", "repository_pattern.csproj", "{53BC0088-347C-4656-B444-7C51E5FAEF44}"
EndProject
Global
	GlobalSection(SolutionConfigurationPlatforms) = preSolution
		Debug|Any CPU = Debug|Any CPU
		Release|Any CPU = Release|Any CPU
	EndGlobalSection
	GlobalSection(ProjectConfigurationPlatforms) = postSolution
		{53BC0088-347C-4656-B444-7C51E5FAEF44}.Debug|Any CPU.ActiveCfg = Debug|Any CPU
		{53BC0088-347C-4656-B444-7C51E5FAEF44}.Debug|Any CPU.Build.0 = Debug|Any CPU
		{53BC0088-347C-4656-B444-7C51E5FAEF44}.Release|Any CPU.ActiveCfg = Release|Any CPU
		{53BC0088-347C-4656-B444-7C51E5FAEF44}.Release|Any CPU.Build.0 = Release|Any CPU
	EndGlobalSection
	GlobalSection(SolutionProperties) = preSolution
		HideSolutionNode = FALSE
	EndGlobalSection
	GlobalSection(ExtensibilityGlobals) = postSolution
		SolutionGuid = {754CA1CC-AD44-4948-A520-5FB02BB1EC1F}
	EndGlobalSection
EndGlobal
